// !$*UTF8*$!
{
	archiveVersion = 1;
	classes = {
	};
	objectVersion = 50;
	objects = {

/* Begin PBXBuildFile section */
		2061B470214FF41300801048 /* AppDelegate.swift in Sources */ = {isa = PBXBuildFile; fileRef = 2061B46F214FF41300801048 /* AppDelegate.swift */; };
		2061B472214FF41300801048 /* MainViewController.swift in Sources */ = {isa = PBXBuildFile; fileRef = 2061B471214FF41300801048 /* MainViewController.swift */; };
		2061B477214FF41400801048 /* Assets.xcassets in Resources */ = {isa = PBXBuildFile; fileRef = 2061B476214FF41400801048 /* Assets.xcassets */; };
		2061B47A214FF41400801048 /* LaunchScreen.storyboard in Resources */ = {isa = PBXBuildFile; fileRef = 2061B478214FF41400801048 /* LaunchScreen.storyboard */; };
		20E1CD2F21513A3C00BE58F2 /* TextSegmentConfigurator.swift in Sources */ = {isa = PBXBuildFile; fileRef = 20E1CD2E21513A3C00BE58F2 /* TextSegmentConfigurator.swift */; };
		20E1CD31215141DD00BE58F2 /* SegnifyConfigurator.swift in Sources */ = {isa = PBXBuildFile; fileRef = 20E1CD30215141DD00BE58F2 /* SegnifyConfigurator.swift */; };
		20E1CD3321514A1500BE58F2 /* SegnicatorConfigurator.swift in Sources */ = {isa = PBXBuildFile; fileRef = 20E1CD3221514A1500BE58F2 /* SegnicatorConfigurator.swift */; };
/* End PBXBuildFile section */

/* Begin PBXFileReference section */
		2061B46C214FF41300801048 /* Segnified.app */ = {isa = PBXFileReference; explicitFileType = wrapper.application; includeInIndex = 0; path = Segnified.app; sourceTree = BUILT_PRODUCTS_DIR; };
		2061B46F214FF41300801048 /* AppDelegate.swift */ = {isa = PBXFileReference; lastKnownFileType = sourcecode.swift; path = AppDelegate.swift; sourceTree = "<group>"; };
		2061B471214FF41300801048 /* MainViewController.swift */ = {isa = PBXFileReference; lastKnownFileType = sourcecode.swift; path = MainViewController.swift; sourceTree = "<group>"; };
		2061B476214FF41400801048 /* Assets.xcassets */ = {isa = PBXFileReference; lastKnownFileType = folder.assetcatalog; path = Assets.xcassets; sourceTree = "<group>"; };
		2061B479214FF41400801048 /* Base */ = {isa = PBXFileReference; lastKnownFileType = file.storyboard; name = Base; path = Base.lproj/LaunchScreen.storyboard; sourceTree = "<group>"; };
		2061B47B214FF41400801048 /* Info.plist */ = {isa = PBXFileReference; lastKnownFileType = text.plist.xml; path = Info.plist; sourceTree = "<group>"; };
		20E1CD2E21513A3C00BE58F2 /* TextSegmentConfigurator.swift */ = {isa = PBXFileReference; lastKnownFileType = sourcecode.swift; path = TextSegmentConfigurator.swift; sourceTree = "<group>"; };
		20E1CD30215141DD00BE58F2 /* SegnifyConfigurator.swift */ = {isa = PBXFileReference; lastKnownFileType = sourcecode.swift; path = SegnifyConfigurator.swift; sourceTree = "<group>"; };
		20E1CD3221514A1500BE58F2 /* SegnicatorConfigurator.swift */ = {isa = PBXFileReference; lastKnownFileType = sourcecode.swift; path = SegnicatorConfigurator.swift; sourceTree = "<group>"; };
/* End PBXFileReference section */

/* Begin PBXFrameworksBuildPhase section */
		2061B469214FF41300801048 /* Frameworks */ = {
			isa = PBXFrameworksBuildPhase;
			buildActionMask = 2147483647;
			files = (
			);
			runOnlyForDeploymentPostprocessing = 0;
		};
/* End PBXFrameworksBuildPhase section */

/* Begin PBXGroup section */
		2061B463214FF41300801048 = {
			isa = PBXGroup;
			children = (
				2061B46E214FF41300801048 /* Segnified */,
				2061B46D214FF41300801048 /* Products */,
			);
			sourceTree = "<group>";
		};
		2061B46D214FF41300801048 /* Products */ = {
			isa = PBXGroup;
			children = (
				2061B46C214FF41300801048 /* Segnified.app */,
			);
			name = Products;
			sourceTree = "<group>";
		};
		2061B46E214FF41300801048 /* Segnified */ = {
			isa = PBXGroup;
			children = (
				2061B46F214FF41300801048 /* AppDelegate.swift */,
				20E1CD2D21512F5C00BE58F2 /* Configurators */,
				20E1CD3521514FAA00BE58F2 /* Frameworks */,
				20E1CD2B2151253300BE58F2 /* Resources */,
				20E1CD2A2151247C00BE58F2 /* Supporting Files */,
				20E1CD2C2151255500BE58F2 /* View Controllers */,
			);
			path = Segnified;
			sourceTree = "<group>";
		};
		20E1CD2A2151247C00BE58F2 /* Supporting Files */ = {
			isa = PBXGroup;
			children = (
				2061B47B214FF41400801048 /* Info.plist */,
			);
			path = "Supporting Files";
			sourceTree = "<group>";
		};
		20E1CD2B2151253300BE58F2 /* Resources */ = {
			isa = PBXGroup;
			children = (
				2061B476214FF41400801048 /* Assets.xcassets */,
				2061B478214FF41400801048 /* LaunchScreen.storyboard */,
			);
			path = Resources;
			sourceTree = "<group>";
		};
		20E1CD2C2151255500BE58F2 /* View Controllers */ = {
			isa = PBXGroup;
			children = (
				2061B471214FF41300801048 /* MainViewController.swift */,
			);
			path = "View Controllers";
			sourceTree = "<group>";
		};
		20E1CD2D21512F5C00BE58F2 /* Configurators */ = {
			isa = PBXGroup;
			children = (
				20E1CD3221514A1500BE58F2 /* SegnicatorConfigurator.swift */,
				20E1CD30215141DD00BE58F2 /* SegnifyConfigurator.swift */,
				20E1CD2E21513A3C00BE58F2 /* TextSegmentConfigurator.swift */,
			);
			path = Configurators;
			sourceTree = "<group>";
		};
		20E1CD3521514FAA00BE58F2 /* Frameworks */ = {
			isa = PBXGroup;
			children = (
			);
			name = Frameworks;
			sourceTree = "<group>";
		};
/* End PBXGroup section */

/* Begin PBXNativeTarget section */
		2061B46B214FF41300801048 /* Segnified */ = {
			isa = PBXNativeTarget;
			buildConfigurationList = 2061B489214FF41400801048 /* Build configuration list for PBXNativeTarget "Segnified" */;
			buildPhases = (
				2061B468214FF41300801048 /* Sources */,
				2061B469214FF41300801048 /* Frameworks */,
				2061B46A214FF41300801048 /* Resources */,
				20E1CD3821514FE500BE58F2 /* Carthage */,
			);
			buildRules = (
			);
			dependencies = (
			);
			name = Segnified;
			productName = Segnified;
			productReference = 2061B46C214FF41300801048 /* Segnified.app */;
			productType = "com.apple.product-type.application";
		};
/* End PBXNativeTarget section */

/* Begin PBXProject section */
		2061B464214FF41300801048 /* Project object */ = {
			isa = PBXProject;
			attributes = {
				LastSwiftUpdateCheck = 0940;
				LastUpgradeCheck = 0940;
				ORGANIZATIONNAME = "Bart Hopster";
				TargetAttributes = {
					2061B46B214FF41300801048 = {
						CreatedOnToolsVersion = 9.4.1;
						LastSwiftMigration = 1000;
					};
				};
			};
			buildConfigurationList = 2061B467214FF41300801048 /* Build configuration list for PBXProject "Segnified" */;
			compatibilityVersion = "Xcode 9.3";
			developmentRegion = en;
			hasScannedForEncodings = 0;
			knownRegions = (
				en,
				Base,
			);
			mainGroup = 2061B463214FF41300801048;
			productRefGroup = 2061B46D214FF41300801048 /* Products */;
			projectDirPath = "";
			projectRoot = "";
			targets = (
				2061B46B214FF41300801048 /* Segnified */,
			);
		};
/* End PBXProject section */

/* Begin PBXResourcesBuildPhase section */
		2061B46A214FF41300801048 /* Resources */ = {
			isa = PBXResourcesBuildPhase;
			buildActionMask = 2147483647;
			files = (
				2061B47A214FF41400801048 /* LaunchScreen.storyboard in Resources */,
				2061B477214FF41400801048 /* Assets.xcassets in Resources */,
			);
			runOnlyForDeploymentPostprocessing = 0;
		};
/* End PBXResourcesBuildPhase section */

/* Begin PBXShellScriptBuildPhase section */
		20E1CD3821514FE500BE58F2 /* Carthage */ = {
			isa = PBXShellScriptBuildPhase;
			buildActionMask = 2147483647;
			files = (
			);
			inputFileListPaths = (
			);
			inputPaths = (
				"$(SRCROOT)/Carthage/Build/iOS/Segnify.framework",
			);
			name = Carthage;
			outputFileListPaths = (
			);
			outputPaths = (
				"$(BUILT_PRODUCTS_DIR)/$(FRAMEWORKS_FOLDER_PATH)/Segnify.framework",
			);
			runOnlyForDeploymentPostprocessing = 0;
			shellPath = /bin/sh;
			shellScript = "# Type a script or drag a script file from your workspace to insert its path.\n/usr/local/bin/carthage copy-frameworks\n";
		};
/* End PBXShellScriptBuildPhase section */

/* Begin PBXSourcesBuildPhase section */
		2061B468214FF41300801048 /* Sources */ = {
			isa = PBXSourcesBuildPhase;
			buildActionMask = 2147483647;
			files = (
				20E1CD3321514A1500BE58F2 /* SegnicatorConfigurator.swift in Sources */,
				20E1CD31215141DD00BE58F2 /* SegnifyConfigurator.swift in Sources */,
				2061B472214FF41300801048 /* MainViewController.swift in Sources */,
				2061B470214FF41300801048 /* AppDelegate.swift in Sources */,
				20E1CD2F21513A3C00BE58F2 /* TextSegmentConfigurator.swift in Sources */,
			);
			runOnlyForDeploymentPostprocessing = 0;
		};
/* End PBXSourcesBuildPhase section */

/* Begin PBXVariantGroup section */
		2061B478214FF41400801048 /* LaunchScreen.storyboard */ = {
			isa = PBXVariantGroup;
			children = (
				2061B479214FF41400801048 /* Base */,
			);
			name = LaunchScreen.storyboard;
			sourceTree = "<group>";
		};
/* End PBXVariantGroup section */

/* Begin XCBuildConfiguration section */
		2061B487214FF41400801048 /* Debug */ = {
			isa = XCBuildConfiguration;
			buildSettings = {
				CLANG_ANALYZER_NONNULL = YES;
				CLANG_ANALYZER_NUMBER_OBJECT_CONVERSION = YES_AGGRESSIVE;
				CLANG_CXX_LANGUAGE_STANDARD = "gnu++14";
				CLANG_CXX_LIBRARY = "libc++";
				CLANG_ENABLE_MODULES = YES;
				CLANG_ENABLE_OBJC_ARC = YES;
				CLANG_ENABLE_OBJC_WEAK = YES;
				CLANG_WARN_BLOCK_CAPTURE_AUTORELEASING = YES;
				CLANG_WARN_BOOL_CONVERSION = YES;
				CLANG_WARN_COMMA = YES;
				CLANG_WARN_CONSTANT_CONVERSION = YES;
				CLANG_WARN_DEPRECATED_OBJC_IMPLEMENTATIONS = YES;
				CLANG_WARN_DIRECT_OBJC_ISA_USAGE = YES_ERROR;
				CLANG_WARN_DOCUMENTATION_COMMENTS = YES;
				CLANG_WARN_EMPTY_BODY = YES;
				CLANG_WARN_ENUM_CONVERSION = YES;
				CLANG_WARN_INFINITE_RECURSION = YES;
				CLANG_WARN_INT_CONVERSION = YES;
				CLANG_WARN_NON_LITERAL_NULL_CONVERSION = YES;
				CLANG_WARN_OBJC_IMPLICIT_RETAIN_SELF = YES;
				CLANG_WARN_OBJC_LITERAL_CONVERSION = YES;
				CLANG_WARN_OBJC_ROOT_CLASS = YES_ERROR;
				CLANG_WARN_RANGE_LOOP_ANALYSIS = YES;
				CLANG_WARN_STRICT_PROTOTYPES = YES;
				CLANG_WARN_SUSPICIOUS_MOVE = YES;
				CLANG_WARN_UNGUARDED_AVAILABILITY = YES_AGGRESSIVE;
				CLANG_WARN_UNREACHABLE_CODE = YES;
				CLANG_WARN__DUPLICATE_METHOD_MATCH = YES;
				CODE_SIGN_IDENTITY = "iPhone Developer";
				COPY_PHASE_STRIP = NO;
				DEBUG_INFORMATION_FORMAT = dwarf;
				ENABLE_STRICT_OBJC_MSGSEND = YES;
				ENABLE_TESTABILITY = YES;
				GCC_C_LANGUAGE_STANDARD = gnu11;
				GCC_DYNAMIC_NO_PIC = NO;
				GCC_NO_COMMON_BLOCKS = YES;
				GCC_OPTIMIZATION_LEVEL = 0;
				GCC_PREPROCESSOR_DEFINITIONS = (
					"DEBUG=1",
					"$(inherited)",
				);
				GCC_WARN_64_TO_32_BIT_CONVERSION = YES;
				GCC_WARN_ABOUT_RETURN_TYPE = YES_ERROR;
				GCC_WARN_UNDECLARED_SELECTOR = YES;
				GCC_WARN_UNINITIALIZED_AUTOS = YES_AGGRESSIVE;
				GCC_WARN_UNUSED_FUNCTION = YES;
				GCC_WARN_UNUSED_VARIABLE = YES;
				IPHONEOS_DEPLOYMENT_TARGET = 9.3;
				MTL_ENABLE_DEBUG_INFO = YES;
				ONLY_ACTIVE_ARCH = YES;
				SDKROOT = iphoneos;
				SWIFT_ACTIVE_COMPILATION_CONDITIONS = DEBUG;
				SWIFT_OPTIMIZATION_LEVEL = "-Onone";
				SWIFT_VERSION = 4.2;
			};
			name = Debug;
		};
		2061B488214FF41400801048 /* Release */ = {
			isa = XCBuildConfiguration;
			buildSettings = {
				CLANG_ANALYZER_NONNULL = YES;
				CLANG_ANALYZER_NUMBER_OBJECT_CONVERSION = YES_AGGRESSIVE;
				CLANG_CXX_LANGUAGE_STANDARD = "gnu++14";
				CLANG_CXX_LIBRARY = "libc++";
				CLANG_ENABLE_MODULES = YES;
				CLANG_ENABLE_OBJC_ARC = YES;
				CLANG_ENABLE_OBJC_WEAK = YES;
				CLANG_WARN_BLOCK_CAPTURE_AUTORELEASING = YES;
				CLANG_WARN_BOOL_CONVERSION = YES;
				CLANG_WARN_COMMA = YES;
				CLANG_WARN_CONSTANT_CONVERSION = YES;
				CLANG_WARN_DEPRECATED_OBJC_IMPLEMENTATIONS = YES;
				CLANG_WARN_DIRECT_OBJC_ISA_USAGE = YES_ERROR;
				CLANG_WARN_DOCUMENTATION_COMMENTS = YES;
				CLANG_WARN_EMPTY_BODY = YES;
				CLANG_WARN_ENUM_CONVERSION = YES;
				CLANG_WARN_INFINITE_RECURSION = YES;
				CLANG_WARN_INT_CONVERSION = YES;
				CLANG_WARN_NON_LITERAL_NULL_CONVERSION = YES;
				CLANG_WARN_OBJC_IMPLICIT_RETAIN_SELF = YES;
				CLANG_WARN_OBJC_LITERAL_CONVERSION = YES;
				CLANG_WARN_OBJC_ROOT_CLASS = YES_ERROR;
				CLANG_WARN_RANGE_LOOP_ANALYSIS = YES;
				CLANG_WARN_STRICT_PROTOTYPES = YES;
				CLANG_WARN_SUSPICIOUS_MOVE = YES;
				CLANG_WARN_UNGUARDED_AVAILABILITY = YES_AGGRESSIVE;
				CLANG_WARN_UNREACHABLE_CODE = YES;
				CLANG_WARN__DUPLICATE_METHOD_MATCH = YES;
				CODE_SIGN_IDENTITY = "iPhone Developer";
				COPY_PHASE_STRIP = NO;
				DEBUG_INFORMATION_FORMAT = "dwarf-with-dsym";
				ENABLE_NS_ASSERTIONS = NO;
				ENABLE_STRICT_OBJC_MSGSEND = YES;
				GCC_C_LANGUAGE_STANDARD = gnu11;
				GCC_NO_COMMON_BLOCKS = YES;
				GCC_WARN_64_TO_32_BIT_CONVERSION = YES;
				GCC_WARN_ABOUT_RETURN_TYPE = YES_ERROR;
				GCC_WARN_UNDECLARED_SELECTOR = YES;
				GCC_WARN_UNINITIALIZED_AUTOS = YES_AGGRESSIVE;
				GCC_WARN_UNUSED_FUNCTION = YES;
				GCC_WARN_UNUSED_VARIABLE = YES;
				IPHONEOS_DEPLOYMENT_TARGET = 9.3;
				MTL_ENABLE_DEBUG_INFO = NO;
				SDKROOT = iphoneos;
				SWIFT_COMPILATION_MODE = wholemodule;
				SWIFT_OPTIMIZATION_LEVEL = "-O";
				SWIFT_VERSION = 4.2;
				VALIDATE_PRODUCT = YES;
			};
			name = Release;
		};
		2061B48A214FF41400801048 /* Debug */ = {
			isa = XCBuildConfiguration;
			buildSettings = {
				ASSETCATALOG_COMPILER_APPICON_NAME = AppIcon;
				CODE_SIGN_STYLE = Manual;
				DEVELOPMENT_TEAM = "";
				FRAMEWORK_SEARCH_PATHS = (
					"$(inherited)",
					"$(PROJECT_DIR)/Carthage/Build/iOS",
				);
				INFOPLIST_FILE = "$(SRCROOT)/Segnified/Supporting Files/Info.plist";
				LD_RUNPATH_SEARCH_PATHS = (
					"$(inherited)",
					"@executable_path/Frameworks",
				);
				PRODUCT_BUNDLE_IDENTIFIER = nl.barthopster.Segnified;
				PRODUCT_NAME = "$(TARGET_NAME)";
				PROVISIONING_PROFILE_SPECIFIER = "";
				TARGETED_DEVICE_FAMILY = "1,2";
			};
			name = Debug;
		};
		2061B48B214FF41400801048 /* Release */ = {
			isa = XCBuildConfiguration;
			buildSettings = {
				ASSETCATALOG_COMPILER_APPICON_NAME = AppIcon;
				CODE_SIGN_STYLE = Manual;
				DEVELOPMENT_TEAM = "";
				FRAMEWORK_SEARCH_PATHS = (
					"$(inherited)",
					"$(PROJECT_DIR)/Carthage/Build/iOS",
				);
				INFOPLIST_FILE = "$(SRCROOT)/Segnified/Supporting Files/Info.plist";
				LD_RUNPATH_SEARCH_PATHS = (
					"$(inherited)",
					"@executable_path/Frameworks",
				);
				PRODUCT_BUNDLE_IDENTIFIER = nl.barthopster.Segnified;
				PRODUCT_NAME = "$(TARGET_NAME)";
				PROVISIONING_PROFILE_SPECIFIER = "";
				TARGETED_DEVICE_FAMILY = "1,2";
			};
			name = Release;
		};
/* End XCBuildConfiguration section */

/* Begin XCConfigurationList section */
		2061B467214FF41300801048 /* Build configuration list for PBXProject "Segnified" */ = {
			isa = XCConfigurationList;
			buildConfigurations = (
				2061B487214FF41400801048 /* Debug */,
				2061B488214FF41400801048 /* Release */,
			);
			defaultConfigurationIsVisible = 0;
			defaultConfigurationName = Release;
		};
		2061B489214FF41400801048 /* Build configuration list for PBXNativeTarget "Segnified" */ = {
			isa = XCConfigurationList;
			buildConfigurations = (
				2061B48A214FF41400801048 /* Debug */,
				2061B48B214FF41400801048 /* Release */,
			);
			defaultConfigurationIsVisible = 0;
			defaultConfigurationName = Release;
		};
/* End XCConfigurationList section */
	};
	rootObject = 2061B464214FF41300801048 /* Project object */;
}
